
Microsoft Visual Studio Solution File, Format Version 12.00
# Visual Studio Version 17
VisualStudioVersion = 17.6.33829.357
MinimumVisualStudioVersion = 10.0.40219.1
Project("{FAE04EC0-301F-11D3-BF4B-00C04F79EFBC}") = "WebApi01", "WebApi01\WebApi01.csproj", "{60CC546A-96A8-420A-89DC-E11F28DB99D2}"
EndProject
Global
	GlobalSection(SolutionConfigurationPlatforms) = preSolution
		Debug|Any CPU = Debug|Any CPU
		Release|Any CPU = Release|Any CPU
	EndGlobalSection
	GlobalSection(ProjectConfigurationPlatforms) = postSolution
		{60CC546A-96A8-420A-89DC-E11F28DB99D2}.Debug|Any CPU.ActiveCfg = Debug|Any CPU
		{60CC546A-96A8-420A-89DC-E11F28DB99D2}.Debug|Any CPU.Build.0 = Debug|Any CPU
		{60CC546A-96A8-420A-89DC-E11F28DB99D2}.Release|Any CPU.ActiveCfg = Release|Any CPU
		{60CC546A-96A8-420A-89DC-E11F28DB99D2}.Release|Any CPU.Build.0 = Release|Any CPU
	EndGlobalSection
	GlobalSection(SolutionProperties) = preSolution
		HideSolutionNode = FALSE
	EndGlobalSection
	GlobalSection(ExtensibilityGlobals) = postSolution
		SolutionGuid = {EF73DD6C-B905-49DD-B869-8E3249B3168C}
	EndGlobalSection
EndGlobal
